
Microsoft Visual Studio Solution File, Format Version 12.00
# Visual Studio 15
VisualStudioVersion = 15.0.28307.271
MinimumVisualStudioVersion = 10.0.40219.1
Project("{FAE04EC0-301F-11D3-BF4B-00C04F79EFBC}") = "KSR.XmlDataGetter", "KSR.XmlDataGetter\KSR.XmlDataGetter.csproj", "{203DA035-CFFC-4091-85AB-7238B1D5B06F}"
EndProject
Global
	GlobalSection(SolutionConfigurationPlatforms) = preSolution
		Debug|Any CPU = Debug|Any CPU
		Release|Any CPU = Release|Any CPU
	EndGlobalSection
	GlobalSection(ProjectConfigurationPlatforms) = postSolution
		{203DA035-CFFC-4091-85AB-7238B1D5B06F}.Debug|Any CPU.ActiveCfg = Debug|Any CPU
		{203DA035-CFFC-4091-85AB-7238B1D5B06F}.Debug|Any CPU.Build.0 = Debug|Any CPU
		{203DA035-CFFC-4091-85AB-7238B1D5B06F}.Release|Any CPU.ActiveCfg = Release|Any CPU
		{203DA035-CFFC-4091-85AB-7238B1D5B06F}.Release|Any CPU.Build.0 = Release|Any CPU
	EndGlobalSection
	GlobalSection(SolutionProperties) = preSolution
		HideSolutionNode = FALSE
	EndGlobalSection
	GlobalSection(ExtensibilityGlobals) = postSolution
		SolutionGuid = {536B8430-CB0D-410D-9BEC-D0C138016C56}
	EndGlobalSection
EndGlobal
